
Microsoft Visual Studio Solution File, Format Version 12.00
# Visual Studio Version 17
VisualStudioVersion = 17.0.32112.339
MinimumVisualStudioVersion = 10.0.40219.1
Project("{C7167F0D-BC9F-4E6E-AFE1-012C56B48DB5}") = "WowSpellidManager (Package)", "WowSpellidManager (Package)\WowSpellidManager (Package).wapproj", "{C11B13B0-60E1-4FD5-8993-5E846622210A}"
	ProjectSection(ProjectDependencies) = postProject
		{F8581466-4F93-4DBB-B43B-E73507F9B013} = {F8581466-4F93-4DBB-B43B-E73507F9B013}
		{A3BF03CF-3A72-4B77-90B7-40657AB9DEBC} = {A3BF03CF-3A72-4B77-90B7-40657AB9DEBC}
	EndProjectSection
EndProject
Project("{9A19103F-16F7-4668-BE54-9A1E7A4F7556}") = "WinUI3", "WowSpellidManager\WinUI3.csproj", "{EF3AD48D-24E2-41AE-A903-060F8D57B25A}"
	ProjectSection(ProjectDependencies) = postProject
		{F8581466-4F93-4DBB-B43B-E73507F9B013} = {F8581466-4F93-4DBB-B43B-E73507F9B013}
		{A3BF03CF-3A72-4B77-90B7-40657AB9DEBC} = {A3BF03CF-3A72-4B77-90B7-40657AB9DEBC}
	EndProjectSection
EndProject
Project("{9A19103F-16F7-4668-BE54-9A1E7A4F7556}") = "WowSpellidManager.Infrastructure", "WowSpellidManager.Infrastructure\WowSpellidManager.Infrastructure.csproj", "{A3BF03CF-3A72-4B77-90B7-40657AB9DEBC}"
	ProjectSection(ProjectDependencies) = postProject
		{F8581466-4F93-4DBB-B43B-E73507F9B013} = {F8581466-4F93-4DBB-B43B-E73507F9B013}
	EndProjectSection
EndProject
Project("{9A19103F-16F7-4668-BE54-9A1E7A4F7556}") = "WowSpellidManager.Domain", "WowSpellidManager.Domain\WowSpellidManager.Domain.csproj", "{F8581466-4F93-4DBB-B43B-E73507F9B013}"
EndProject
Global
	GlobalSection(SolutionConfigurationPlatforms) = preSolution
		Debug|Any CPU = Debug|Any CPU
		Debug|arm64 = Debug|arm64
		Debug|x64 = Debug|x64
		Debug|x86 = Debug|x86
		Release|Any CPU = Release|Any CPU
		Release|arm64 = Release|arm64
		Release|x64 = Release|x64
		Release|x86 = Release|x86
		Test|Any CPU = Test|Any CPU
		Test|arm64 = Test|arm64
		Test|x64 = Test|x64
		Test|x86 = Test|x86
	EndGlobalSection
	GlobalSection(ProjectConfigurationPlatforms) = postSolution
		{C11B13B0-60E1-4FD5-8993-5E846622210A}.Debug|Any CPU.ActiveCfg = Debug|x64
		{C11B13B0-60E1-4FD5-8993-5E846622210A}.Debug|Any CPU.Build.0 = Debug|x64
		{C11B13B0-60E1-4FD5-8993-5E846622210A}.Debug|Any CPU.Deploy.0 = Debug|x64
		{C11B13B0-60E1-4FD5-8993-5E846622210A}.Debug|arm64.ActiveCfg = Debug|arm64
		{C11B13B0-60E1-4FD5-8993-5E846622210A}.Debug|arm64.Build.0 = Debug|arm64
		{C11B13B0-60E1-4FD5-8993-5E846622210A}.Debug|arm64.Deploy.0 = Debug|arm64
		{C11B13B0-60E1-4FD5-8993-5E846622210A}.Debug|x64.ActiveCfg = Debug|x64
		{C11B13B0-60E1-4FD5-8993-5E846622210A}.Debug|x64.Build.0 = Debug|x64
		{C11B13B0-60E1-4FD5-8993-5E846622210A}.Debug|x64.Deploy.0 = Debug|x64
		{C11B13B0-60E1-4FD5-8993-5E846622210A}.Debug|x86.ActiveCfg = Debug|x86
		{C11B13B0-60E1-4FD5-8993-5E846622210A}.Debug|x86.Build.0 = Debug|x86
		{C11B13B0-60E1-4FD5-8993-5E846622210A}.Debug|x86.Deploy.0 = Debug|x86
		{C11B13B0-60E1-4FD5-8993-5E846622210A}.Release|Any CPU.ActiveCfg = Release|x64
		{C11B13B0-60E1-4FD5-8993-5E846622210A}.Release|Any CPU.Build.0 = Release|x64
		{C11B13B0-60E1-4FD5-8993-5E846622210A}.Release|Any CPU.Deploy.0 = Release|x64
		{C11B13B0-60E1-4FD5-8993-5E846622210A}.Release|arm64.ActiveCfg = Release|arm64
		{C11B13B0-60E1-4FD5-8993-5E846622210A}.Release|arm64.Build.0 = Release|arm64
		{C11B13B0-60E1-4FD5-8993-5E846622210A}.Release|arm64.Deploy.0 = Release|arm64
		{C11B13B0-60E1-4FD5-8993-5E846622210A}.Release|x64.ActiveCfg = Release|x64
		{C11B13B0-60E1-4FD5-8993-5E846622210A}.Release|x64.Build.0 = Release|x64
		{C11B13B0-60E1-4FD5-8993-5E846622210A}.Release|x64.Deploy.0 = Release|x64
		{C11B13B0-60E1-4FD5-8993-5E846622210A}.Release|x86.ActiveCfg = Release|x86
		{C11B13B0-60E1-4FD5-8993-5E846622210A}.Release|x86.Build.0 = Release|x86
		{C11B13B0-60E1-4FD5-8993-5E846622210A}.Release|x86.Deploy.0 = Release|x86
		{C11B13B0-60E1-4FD5-8993-5E846622210A}.Test|Any CPU.ActiveCfg = Test|x64
		{C11B13B0-60E1-4FD5-8993-5E846622210A}.Test|Any CPU.Build.0 = Test|x64
		{C11B13B0-60E1-4FD5-8993-5E846622210A}.Test|Any CPU.Deploy.0 = Test|x64
		{C11B13B0-60E1-4FD5-8993-5E846622210A}.Test|arm64.ActiveCfg = Test|arm64
		{C11B13B0-60E1-4FD5-8993-5E846622210A}.Test|arm64.Build.0 = Test|arm64
		{C11B13B0-60E1-4FD5-8993-5E846622210A}.Test|arm64.Deploy.0 = Test|arm64
		{C11B13B0-60E1-4FD5-8993-5E846622210A}.Test|x64.ActiveCfg = Test|x64
		{C11B13B0-60E1-4FD5-8993-5E846622210A}.Test|x64.Build.0 = Test|x64
		{C11B13B0-60E1-4FD5-8993-5E846622210A}.Test|x64.Deploy.0 = Test|x64
		{C11B13B0-60E1-4FD5-8993-5E846622210A}.Test|x86.ActiveCfg = Debug|x86
		{C11B13B0-60E1-4FD5-8993-5E846622210A}.Test|x86.Build.0 = Debug|x86
		{C11B13B0-60E1-4FD5-8993-5E846622210A}.Test|x86.Deploy.0 = Debug|x86
		{EF3AD48D-24E2-41AE-A903-060F8D57B25A}.Debug|Any CPU.ActiveCfg = Debug|x64
		{EF3AD48D-24E2-41AE-A903-060F8D57B25A}.Debug|Any CPU.Build.0 = Debug|x64
		{EF3AD48D-24E2-41AE-A903-060F8D57B25A}.Debug|arm64.ActiveCfg = Debug|arm64
		{EF3AD48D-24E2-41AE-A903-060F8D57B25A}.Debug|arm64.Build.0 = Debug|arm64
		{EF3AD48D-24E2-41AE-A903-060F8D57B25A}.Debug|x64.ActiveCfg = Debug|x64
		{EF3AD48D-24E2-41AE-A903-060F8D57B25A}.Debug|x64.Build.0 = Debug|x64
		{EF3AD48D-24E2-41AE-A903-060F8D57B25A}.Debug|x86.ActiveCfg = Debug|x86
		{EF3AD48D-24E2-41AE-A903-060F8D57B25A}.Debug|x86.Build.0 = Debug|x86
		{EF3AD48D-24E2-41AE-A903-060F8D57B25A}.Release|Any CPU.ActiveCfg = Release|x64
		{EF3AD48D-24E2-41AE-A903-060F8D57B25A}.Release|Any CPU.Build.0 = Release|x64
		{EF3AD48D-24E2-41AE-A903-060F8D57B25A}.Release|arm64.ActiveCfg = Release|arm64
		{EF3AD48D-24E2-41AE-A903-060F8D57B25A}.Release|arm64.Build.0 = Release|arm64
		{EF3AD48D-24E2-41AE-A903-060F8D57B25A}.Release|x64.ActiveCfg = Release|x64
		{EF3AD48D-24E2-41AE-A903-060F8D57B25A}.Release|x64.Build.0 = Release|x64
		{EF3AD48D-24E2-41AE-A903-060F8D57B25A}.Release|x86.ActiveCfg = Release|x86
		{EF3AD48D-24E2-41AE-A903-060F8D57B25A}.Release|x86.Build.0 = Release|x86
		{EF3AD48D-24E2-41AE-A903-060F8D57B25A}.Test|Any CPU.ActiveCfg = Test|x64
		{EF3AD48D-24E2-41AE-A903-060F8D57B25A}.Test|Any CPU.Build.0 = Test|x64
		{EF3AD48D-24E2-41AE-A903-060F8D57B25A}.Test|arm64.ActiveCfg = Test|arm64
		{EF3AD48D-24E2-41AE-A903-060F8D57B25A}.Test|arm64.Build.0 = Test|arm64
		{EF3AD48D-24E2-41AE-A903-060F8D57B25A}.Test|x64.ActiveCfg = Test|x64
		{EF3AD48D-24E2-41AE-A903-060F8D57B25A}.Test|x64.Build.0 = Test|x64
		{EF3AD48D-24E2-41AE-A903-060F8D57B25A}.Test|x86.ActiveCfg = Debug|x86
		{EF3AD48D-24E2-41AE-A903-060F8D57B25A}.Test|x86.Build.0 = Debug|x86
		{A3BF03CF-3A72-4B77-90B7-40657AB9DEBC}.Debug|Any CPU.ActiveCfg = Debug|Any CPU
		{A3BF03CF-3A72-4B77-90B7-40657AB9DEBC}.Debug|Any CPU.Build.0 = Debug|Any CPU
		{A3BF03CF-3A72-4B77-90B7-40657AB9DEBC}.Debug|arm64.ActiveCfg = Debug|Any CPU
		{A3BF03CF-3A72-4B77-90B7-40657AB9DEBC}.Debug|arm64.Build.0 = Debug|Any CPU
		{A3BF03CF-3A72-4B77-90B7-40657AB9DEBC}.Debug|x64.ActiveCfg = Debug|Any CPU
		{A3BF03CF-3A72-4B77-90B7-40657AB9DEBC}.Debug|x64.Build.0 = Debug|Any CPU
		{A3BF03CF-3A72-4B77-90B7-40657AB9DEBC}.Debug|x86.ActiveCfg = Debug|Any CPU
		{A3BF03CF-3A72-4B77-90B7-40657AB9DEBC}.Debug|x86.Build.0 = Debug|Any CPU
		{A3BF03CF-3A72-4B77-90B7-40657AB9DEBC}.Release|Any CPU.ActiveCfg = Release|Any CPU
		{A3BF03CF-3A72-4B77-90B7-40657AB9DEBC}.Release|Any CPU.Build.0 = Release|Any CPU
		{A3BF03CF-3A72-4B77-90B7-40657AB9DEBC}.Release|arm64.ActiveCfg = Release|Any CPU
		{A3BF03CF-3A72-4B77-90B7-40657AB9DEBC}.Release|arm64.Build.0 = Release|Any CPU
		{A3BF03CF-3A72-4B77-90B7-40657AB9DEBC}.Release|x64.ActiveCfg = Release|Any CPU
		{A3BF03CF-3A72-4B77-90B7-40657AB9DEBC}.Release|x64.Build.0 = Release|Any CPU
		{A3BF03CF-3A72-4B77-90B7-40657AB9DEBC}.Release|x86.ActiveCfg = Release|Any CPU
		{A3BF03CF-3A72-4B77-90B7-40657AB9DEBC}.Release|x86.Build.0 = Release|Any CPU
		{A3BF03CF-3A72-4B77-90B7-40657AB9DEBC}.Test|Any CPU.ActiveCfg = Debug|Any CPU
		{A3BF03CF-3A72-4B77-90B7-40657AB9DEBC}.Test|Any CPU.Build.0 = Debug|Any CPU
		{A3BF03CF-3A72-4B77-90B7-40657AB9DEBC}.Test|arm64.ActiveCfg = Debug|Any CPU
		{A3BF03CF-3A72-4B77-90B7-40657AB9DEBC}.Test|arm64.Build.0 = Debug|Any CPU
		{A3BF03CF-3A72-4B77-90B7-40657AB9DEBC}.Test|x64.ActiveCfg = Debug|Any CPU
		{A3BF03CF-3A72-4B77-90B7-40657AB9DEBC}.Test|x64.Build.0 = Debug|Any CPU
		{A3BF03CF-3A72-4B77-90B7-40657AB9DEBC}.Test|x86.ActiveCfg = Debug|Any CPU
		{A3BF03CF-3A72-4B77-90B7-40657AB9DEBC}.Test|x86.Build.0 = Debug|Any CPU
		{F8581466-4F93-4DBB-B43B-E73507F9B013}.Debug|Any CPU.ActiveCfg = Debug|Any CPU
		{F8581466-4F93-4DBB-B43B-E73507F9B013}.Debug|Any CPU.Build.0 = Debug|Any CPU
		{F8581466-4F93-4DBB-B43B-E73507F9B013}.Debug|arm64.ActiveCfg = Debug|Any CPU
		{F8581466-4F93-4DBB-B43B-E73507F9B013}.Debug|arm64.Build.0 = Debug|Any CPU
		{F8581466-4F93-4DBB-B43B-E73507F9B013}.Debug|x64.ActiveCfg = Debug|Any CPU
		{F8581466-4F93-4DBB-B43B-E73507F9B013}.Debug|x64.Build.0 = Debug|Any CPU
		{F8581466-4F93-4DBB-B43B-E73507F9B013}.Debug|x86.ActiveCfg = Debug|Any CPU
		{F8581466-4F93-4DBB-B43B-E73507F9B013}.Debug|x86.Build.0 = Debug|Any CPU
		{F8581466-4F93-4DBB-B43B-E73507F9B013}.Release|Any CPU.ActiveCfg = Release|Any CPU
		{F8581466-4F93-4DBB-B43B-E73507F9B013}.Release|Any CPU.Build.0 = Release|Any CPU
		{F8581466-4F93-4DBB-B43B-E73507F9B013}.Release|arm64.ActiveCfg = Release|Any CPU
		{F8581466-4F93-4DBB-B43B-E73507F9B013}.Release|arm64.Build.0 = Release|Any CPU
		{F8581466-4F93-4DBB-B43B-E73507F9B013}.Release|x64.ActiveCfg = Release|Any CPU
		{F8581466-4F93-4DBB-B43B-E73507F9B013}.Release|x64.Build.0 = Release|Any CPU
		{F8581466-4F93-4DBB-B43B-E73507F9B013}.Release|x86.ActiveCfg = Release|Any CPU
		{F8581466-4F93-4DBB-B43B-E73507F9B013}.Release|x86.Build.0 = Release|Any CPU
		{F8581466-4F93-4DBB-B43B-E73507F9B013}.Test|Any CPU.ActiveCfg = Debug|Any CPU
		{F8581466-4F93-4DBB-B43B-E73507F9B013}.Test|Any CPU.Build.0 = Debug|Any CPU
		{F8581466-4F93-4DBB-B43B-E73507F9B013}.Test|arm64.ActiveCfg = Debug|Any CPU
		{F8581466-4F93-4DBB-B43B-E73507F9B013}.Test|arm64.Build.0 = Debug|Any CPU
		{F8581466-4F93-4DBB-B43B-E73507F9B013}.Test|x64.ActiveCfg = Debug|Any CPU
		{F8581466-4F93-4DBB-B43B-E73507F9B013}.Test|x64.Build.0 = Debug|Any CPU
		{F8581466-4F93-4DBB-B43B-E73507F9B013}.Test|x86.ActiveCfg = Debug|Any CPU
		{F8581466-4F93-4DBB-B43B-E73507F9B013}.Test|x86.Build.0 = Debug|Any CPU
	EndGlobalSection
	GlobalSection(SolutionProperties) = preSolution
		HideSolutionNode = FALSE
	EndGlobalSection
	GlobalSection(ExtensibilityGlobals) = postSolution
		SolutionGuid = {72CCCDB3-9772-476E-BF93-50CC9B1968AB}
	EndGlobalSection
EndGlobal
